
Microsoft Visual Studio Solution File, Format Version 12.00
# Visual Studio Version 17
VisualStudioVersion = 17.3.32929.385
MinimumVisualStudioVersion = 10.0.40219.1
Project("{FAE04EC0-301F-11D3-BF4B-00C04F79EFBC}") = "MyToDoList", "MyToDoList\MyToDoList.csproj", "{610A4D6A-907B-4906-A6CB-B8AF782A3283}"
EndProject
Project("{FAE04EC0-301F-11D3-BF4B-00C04F79EFBC}") = "MyToDoList.DAL", "MyToDoList.DAL\MyToDoList.DAL.csproj", "{B9EB7BFD-FF7E-4E8F-A585-922DC6AE51E1}"
EndProject
Project("{FAE04EC0-301F-11D3-BF4B-00C04F79EFBC}") = "MyToDoList.Data", "MyToDoList.Data\MyToDoList.Data.csproj", "{1CFECA9C-036E-4886-A2AC-43FF2AA4D194}"
EndProject
Project("{FAE04EC0-301F-11D3-BF4B-00C04F79EFBC}") = "MyToDoList.Model", "MyToDoList.Model\MyToDoList.Model.csproj", "{6BE2E4AE-6354-4218-A8B0-CAA77FC375CA}"
EndProject
Project("{FAE04EC0-301F-11D3-BF4B-00C04F79EFBC}") = "MyToDoList.Service", "MyToDoList.Service\MyToDoList.Service.csproj", "{908FCD76-0741-40E5-8DC9-9CB70D7C14BD}"
EndProject
Global
	GlobalSection(SolutionConfigurationPlatforms) = preSolution
		Debug|Any CPU = Debug|Any CPU
		Release|Any CPU = Release|Any CPU
	EndGlobalSection
	GlobalSection(ProjectConfigurationPlatforms) = postSolution
		{610A4D6A-907B-4906-A6CB-B8AF782A3283}.Debug|Any CPU.ActiveCfg = Debug|Any CPU
		{610A4D6A-907B-4906-A6CB-B8AF782A3283}.Debug|Any CPU.Build.0 = Debug|Any CPU
		{610A4D6A-907B-4906-A6CB-B8AF782A3283}.Release|Any CPU.ActiveCfg = Release|Any CPU
		{610A4D6A-907B-4906-A6CB-B8AF782A3283}.Release|Any CPU.Build.0 = Release|Any CPU
		{B9EB7BFD-FF7E-4E8F-A585-922DC6AE51E1}.Debug|Any CPU.ActiveCfg = Debug|Any CPU
		{B9EB7BFD-FF7E-4E8F-A585-922DC6AE51E1}.Debug|Any CPU.Build.0 = Debug|Any CPU
		{B9EB7BFD-FF7E-4E8F-A585-922DC6AE51E1}.Release|Any CPU.ActiveCfg = Release|Any CPU
		{B9EB7BFD-FF7E-4E8F-A585-922DC6AE51E1}.Release|Any CPU.Build.0 = Release|Any CPU
		{1CFECA9C-036E-4886-A2AC-43FF2AA4D194}.Debug|Any CPU.ActiveCfg = Debug|Any CPU
		{1CFECA9C-036E-4886-A2AC-43FF2AA4D194}.Debug|Any CPU.Build.0 = Debug|Any CPU
		{1CFECA9C-036E-4886-A2AC-43FF2AA4D194}.Release|Any CPU.ActiveCfg = Release|Any CPU
		{1CFECA9C-036E-4886-A2AC-43FF2AA4D194}.Release|Any CPU.Build.0 = Release|Any CPU
		{6BE2E4AE-6354-4218-A8B0-CAA77FC375CA}.Debug|Any CPU.ActiveCfg = Debug|Any CPU
		{6BE2E4AE-6354-4218-A8B0-CAA77FC375CA}.Debug|Any CPU.Build.0 = Debug|Any CPU
		{6BE2E4AE-6354-4218-A8B0-CAA77FC375CA}.Release|Any CPU.ActiveCfg = Release|Any CPU
		{6BE2E4AE-6354-4218-A8B0-CAA77FC375CA}.Release|Any CPU.Build.0 = Release|Any CPU
		{908FCD76-0741-40E5-8DC9-9CB70D7C14BD}.Debug|Any CPU.ActiveCfg = Debug|Any CPU
		{908FCD76-0741-40E5-8DC9-9CB70D7C14BD}.Debug|Any CPU.Build.0 = Debug|Any CPU
		{908FCD76-0741-40E5-8DC9-9CB70D7C14BD}.Release|Any CPU.ActiveCfg = Release|Any CPU
		{908FCD76-0741-40E5-8DC9-9CB70D7C14BD}.Release|Any CPU.Build.0 = Release|Any CPU
	EndGlobalSection
	GlobalSection(SolutionProperties) = preSolution
		HideSolutionNode = FALSE
	EndGlobalSection
	GlobalSection(ExtensibilityGlobals) = postSolution
		SolutionGuid = {35FA72A5-9603-405F-B64E-2330FFA8F83F}
	EndGlobalSection
EndGlobal
